
Microsoft Visual Studio Solution File, Format Version 12.00
# Visual Studio Version 17
VisualStudioVersion = 17.6.33829.357
MinimumVisualStudioVersion = 10.0.40219.1
Project("{9A19103F-16F7-4668-BE54-9A1E7A4F7556}") = "ShoppingListApp_API", "ShoppingListApp_API\ShoppingListApp_API.csproj", "{C1ABCCB5-D064-4561-AE8D-4179E025EC10}"
	ProjectSection(ProjectDependencies) = postProject
		{F6F6A3D0-BC02-451B-9103-8AD41B0A0FA6} = {F6F6A3D0-BC02-451B-9103-8AD41B0A0FA6}
		{FA9FEFEB-B803-4ED0-9C69-5CC7A7A4F522} = {FA9FEFEB-B803-4ED0-9C69-5CC7A7A4F522}
	EndProjectSection
EndProject
Project("{FAE04EC0-301F-11D3-BF4B-00C04F79EFBC}") = "ShoppingListApp_API.Model", "ShoppingListApp_API.Model\ShoppingListApp_API.Model.csproj", "{F6F6A3D0-BC02-451B-9103-8AD41B0A0FA6}"
EndProject
Project("{FAE04EC0-301F-11D3-BF4B-00C04F79EFBC}") = "ShoppingListApp_API.Services", "ShoppingListApp_API.Services\ShoppingListApp_API.Services.csproj", "{FA9FEFEB-B803-4ED0-9C69-5CC7A7A4F522}"
	ProjectSection(ProjectDependencies) = postProject
		{F6F6A3D0-BC02-451B-9103-8AD41B0A0FA6} = {F6F6A3D0-BC02-451B-9103-8AD41B0A0FA6}
	EndProjectSection
EndProject
Global
	GlobalSection(SolutionConfigurationPlatforms) = preSolution
		Debug|Any CPU = Debug|Any CPU
		Release|Any CPU = Release|Any CPU
	EndGlobalSection
	GlobalSection(ProjectConfigurationPlatforms) = postSolution
		{C1ABCCB5-D064-4561-AE8D-4179E025EC10}.Debug|Any CPU.ActiveCfg = Debug|Any CPU
		{C1ABCCB5-D064-4561-AE8D-4179E025EC10}.Debug|Any CPU.Build.0 = Debug|Any CPU
		{C1ABCCB5-D064-4561-AE8D-4179E025EC10}.Release|Any CPU.ActiveCfg = Release|Any CPU
		{C1ABCCB5-D064-4561-AE8D-4179E025EC10}.Release|Any CPU.Build.0 = Release|Any CPU
		{F6F6A3D0-BC02-451B-9103-8AD41B0A0FA6}.Debug|Any CPU.ActiveCfg = Debug|Any CPU
		{F6F6A3D0-BC02-451B-9103-8AD41B0A0FA6}.Debug|Any CPU.Build.0 = Debug|Any CPU
		{F6F6A3D0-BC02-451B-9103-8AD41B0A0FA6}.Release|Any CPU.ActiveCfg = Release|Any CPU
		{F6F6A3D0-BC02-451B-9103-8AD41B0A0FA6}.Release|Any CPU.Build.0 = Release|Any CPU
		{FA9FEFEB-B803-4ED0-9C69-5CC7A7A4F522}.Debug|Any CPU.ActiveCfg = Debug|Any CPU
		{FA9FEFEB-B803-4ED0-9C69-5CC7A7A4F522}.Debug|Any CPU.Build.0 = Debug|Any CPU
		{FA9FEFEB-B803-4ED0-9C69-5CC7A7A4F522}.Release|Any CPU.ActiveCfg = Release|Any CPU
		{FA9FEFEB-B803-4ED0-9C69-5CC7A7A4F522}.Release|Any CPU.Build.0 = Release|Any CPU
	EndGlobalSection
	GlobalSection(SolutionProperties) = preSolution
		HideSolutionNode = FALSE
	EndGlobalSection
	GlobalSection(ExtensibilityGlobals) = postSolution
		SolutionGuid = {BDEC1597-27F8-4319-9EFC-96079143A625}
	EndGlobalSection
EndGlobal
